// !$*UTF8*$!
{
	archiveVersion = 1;
	classes = {
	};
	objectVersion = 46;
	objects = {

/* Begin PBXBuildFile section */
		A5353D921CE383B50074EC22 /* AppDelegate.swift in Sources */ = {isa = PBXBuildFile; fileRef = A5353D911CE383B50074EC22 /* AppDelegate.swift */; };
		A5353D971CE383B50074EC22 /* Main.storyboard in Resources */ = {isa = PBXBuildFile; fileRef = A5353D951CE383B50074EC22 /* Main.storyboard */; };
		A5353D991CE383B50074EC22 /* Assets.xcassets in Resources */ = {isa = PBXBuildFile; fileRef = A5353D981CE383B50074EC22 /* Assets.xcassets */; };
		A5353D9C1CE383B50074EC22 /* LaunchScreen.storyboard in Resources */ = {isa = PBXBuildFile; fileRef = A5353D9A1CE383B50074EC22 /* LaunchScreen.storyboard */; };
		A5353DAA1CE384FF0074EC22 /* FirstViewController.swift in Sources */ = {isa = PBXBuildFile; fileRef = A5353DA91CE384FF0074EC22 /* FirstViewController.swift */; };
		A5353DAD1CE38B9D0074EC22 /* HttpClient.swift in Sources */ = {isa = PBXBuildFile; fileRef = A5353DAC1CE38B9D0074EC22 /* HttpClient.swift */; };
		DC9CDAE6F6AACDEA39C9B033 /* Pods_Fishy.framework in Frameworks */ = {isa = PBXBuildFile; fileRef = 37FA6EAC5FA426C99F67B653 /* Pods_Fishy.framework */; };
/* End PBXBuildFile section */

/* Begin PBXFileReference section */
		34C15CC4A7117D06E7262121 /* Pods-Fishy.debug.xcconfig */ = {isa = PBXFileReference; includeInIndex = 1; lastKnownFileType = text.xcconfig; name = "Pods-Fishy.debug.xcconfig"; path = "Pods/Target Support Files/Pods-Fishy/Pods-Fishy.debug.xcconfig"; sourceTree = "<group>"; };
		37FA6EAC5FA426C99F67B653 /* Pods_Fishy.framework */ = {isa = PBXFileReference; explicitFileType = wrapper.framework; includeInIndex = 0; path = Pods_Fishy.framework; sourceTree = BUILT_PRODUCTS_DIR; };
		A5353D8E1CE383B50074EC22 /* Fishy.app */ = {isa = PBXFileReference; explicitFileType = wrapper.application; includeInIndex = 0; path = Fishy.app; sourceTree = BUILT_PRODUCTS_DIR; };
		A5353D911CE383B50074EC22 /* AppDelegate.swift */ = {isa = PBXFileReference; lastKnownFileType = sourcecode.swift; path = AppDelegate.swift; sourceTree = "<group>"; };
		A5353D961CE383B50074EC22 /* Base */ = {isa = PBXFileReference; lastKnownFileType = file.storyboard; name = Base; path = Base.lproj/Main.storyboard; sourceTree = "<group>"; };
		A5353D981CE383B50074EC22 /* Assets.xcassets */ = {isa = PBXFileReference; lastKnownFileType = folder.assetcatalog; path = Assets.xcassets; sourceTree = "<group>"; };
		A5353D9B1CE383B50074EC22 /* Base */ = {isa = PBXFileReference; lastKnownFileType = file.storyboard; name = Base; path = Base.lproj/LaunchScreen.storyboard; sourceTree = "<group>"; };
		A5353D9D1CE383B50074EC22 /* Info.plist */ = {isa = PBXFileReference; lastKnownFileType = text.plist.xml; path = Info.plist; sourceTree = "<group>"; };
		A5353DA91CE384FF0074EC22 /* FirstViewController.swift */ = {isa = PBXFileReference; fileEncoding = 4; lastKnownFileType = sourcecode.swift; path = FirstViewController.swift; sourceTree = "<group>"; };
		A5353DAC1CE38B9D0074EC22 /* HttpClient.swift */ = {isa = PBXFileReference; fileEncoding = 4; lastKnownFileType = sourcecode.swift; path = HttpClient.swift; sourceTree = "<group>"; };
		BB32D44EC17333BD7019C179 /* Pods-Fishy.release.xcconfig */ = {isa = PBXFileReference; includeInIndex = 1; lastKnownFileType = text.xcconfig; name = "Pods-Fishy.release.xcconfig"; path = "Pods/Target Support Files/Pods-Fishy/Pods-Fishy.release.xcconfig"; sourceTree = "<group>"; };
/* End PBXFileReference section */

/* Begin PBXFrameworksBuildPhase section */
		A5353D8B1CE383B50074EC22 /* Frameworks */ = {
			isa = PBXFrameworksBuildPhase;
			buildActionMask = 2147483647;
			files = (
				DC9CDAE6F6AACDEA39C9B033 /* Pods_Fishy.framework in Frameworks */,
			);
			runOnlyForDeploymentPostprocessing = 0;
		};
/* End PBXFrameworksBuildPhase section */

/* Begin PBXGroup section */
		57C717980B26153B0EDB2B60 /* Pods */ = {
			isa = PBXGroup;
			children = (
				34C15CC4A7117D06E7262121 /* Pods-Fishy.debug.xcconfig */,
				BB32D44EC17333BD7019C179 /* Pods-Fishy.release.xcconfig */,
			);
			name = Pods;
			sourceTree = "<group>";
		};
		A5353D851CE383B50074EC22 = {
			isa = PBXGroup;
			children = (
				A5353DAB1CE38B700074EC22 /* API */,
				A5353D901CE383B50074EC22 /* Fishy */,
				A5353D8F1CE383B50074EC22 /* Products */,
				57C717980B26153B0EDB2B60 /* Pods */,
				CD4996A3DE5DF1C16C743EF1 /* Frameworks */,
			);
			sourceTree = "<group>";
		};
		A5353D8F1CE383B50074EC22 /* Products */ = {
			isa = PBXGroup;
			children = (
				A5353D8E1CE383B50074EC22 /* Fishy.app */,
			);
			name = Products;
			sourceTree = "<group>";
		};
		A5353D901CE383B50074EC22 /* Fishy */ = {
			isa = PBXGroup;
			children = (
				A5353D911CE383B50074EC22 /* AppDelegate.swift */,
				A5353D951CE383B50074EC22 /* Main.storyboard */,
				A5353DA71CE384650074EC22 /* View Controllers */,
				A5353DA81CE384650074EC22 /* Views */,
				A5353D981CE383B50074EC22 /* Assets.xcassets */,
				A5353D9A1CE383B50074EC22 /* LaunchScreen.storyboard */,
				A5353D9D1CE383B50074EC22 /* Info.plist */,
			);
			path = Fishy;
			sourceTree = "<group>";
		};
		A5353DA71CE384650074EC22 /* View Controllers */ = {
			isa = PBXGroup;
			children = (
				A5353DA91CE384FF0074EC22 /* FirstViewController.swift */,
			);
			path = "View Controllers";
			sourceTree = "<group>";
		};
		A5353DA81CE384650074EC22 /* Views */ = {
			isa = PBXGroup;
			children = (
			);
			path = Views;
			sourceTree = "<group>";
		};
		A5353DAB1CE38B700074EC22 /* API */ = {
			isa = PBXGroup;
			children = (
				A5353DAC1CE38B9D0074EC22 /* HttpClient.swift */,
			);
			name = API;
			path = Fishy/API;
			sourceTree = "<group>";
		};
		CD4996A3DE5DF1C16C743EF1 /* Frameworks */ = {
			isa = PBXGroup;
			children = (
				37FA6EAC5FA426C99F67B653 /* Pods_Fishy.framework */,
			);
			name = Frameworks;
			sourceTree = "<group>";
		};
/* End PBXGroup section */

/* Begin PBXNativeTarget section */
		A5353D8D1CE383B50074EC22 /* Fishy */ = {
			isa = PBXNativeTarget;
			buildConfigurationList = A5353DA01CE383B50074EC22 /* Build configuration list for PBXNativeTarget "Fishy" */;
			buildPhases = (
				C09AA599226869DFE302B4B7 /* Check Pods Manifest.lock */,
				A5353D8A1CE383B50074EC22 /* Sources */,
				A5353D8B1CE383B50074EC22 /* Frameworks */,
				A5353D8C1CE383B50074EC22 /* Resources */,
				C78142016D91ADF9CB1724D9 /* Embed Pods Frameworks */,
				799A57CB3F843F64F90C22E2 /* Copy Pods Resources */,
			);
			buildRules = (
			);
			dependencies = (
			);
			name = Fishy;
			productName = Fishy;
			productReference = A5353D8E1CE383B50074EC22 /* Fishy.app */;
			productType = "com.apple.product-type.application";
		};
/* End PBXNativeTarget section */

/* Begin PBXProject section */
		A5353D861CE383B50074EC22 /* Project object */ = {
			isa = PBXProject;
			attributes = {
				LastSwiftUpdateCheck = 0730;
				LastUpgradeCheck = 0730;
				ORGANIZATIONNAME = "Chau Vo";
				TargetAttributes = {
					A5353D8D1CE383B50074EC22 = {
						CreatedOnToolsVersion = 7.3.1;
						DevelopmentTeam = D3E7UH3PXS;
					};
				};
			};
			buildConfigurationList = A5353D891CE383B50074EC22 /* Build configuration list for PBXProject "Fishy" */;
			compatibilityVersion = "Xcode 3.2";
			developmentRegion = English;
			hasScannedForEncodings = 0;
			knownRegions = (
				en,
				Base,
			);
			mainGroup = A5353D851CE383B50074EC22;
			productRefGroup = A5353D8F1CE383B50074EC22 /* Products */;
			projectDirPath = "";
			projectRoot = "";
			targets = (
				A5353D8D1CE383B50074EC22 /* Fishy */,
			);
		};
/* End PBXProject section */

/* Begin PBXResourcesBuildPhase section */
		A5353D8C1CE383B50074EC22 /* Resources */ = {
			isa = PBXResourcesBuildPhase;
			buildActionMask = 2147483647;
			files = (
				A5353D9C1CE383B50074EC22 /* LaunchScreen.storyboard in Resources */,
				A5353D991CE383B50074EC22 /* Assets.xcassets in Resources */,
				A5353D971CE383B50074EC22 /* Main.storyboard in Resources */,
			);
			runOnlyForDeploymentPostprocessing = 0;
		};
/* End PBXResourcesBuildPhase section */

/* Begin PBXShellScriptBuildPhase section */
		799A57CB3F843F64F90C22E2 /* Copy Pods Resources */ = {
			isa = PBXShellScriptBuildPhase;
			buildActionMask = 2147483647;
			files = (
			);
			inputPaths = (
			);
			name = "Copy Pods Resources";
			outputPaths = (
			);
			runOnlyForDeploymentPostprocessing = 0;
			shellPath = /bin/sh;
			shellScript = "\"${SRCROOT}/Pods/Target Support Files/Pods-Fishy/Pods-Fishy-resources.sh\"\n";
			showEnvVarsInLog = 0;
		};
		C09AA599226869DFE302B4B7 /* Check Pods Manifest.lock */ = {
			isa = PBXShellScriptBuildPhase;
			buildActionMask = 2147483647;
			files = (
			);
			inputPaths = (
			);
			name = "Check Pods Manifest.lock";
			outputPaths = (
			);
			runOnlyForDeploymentPostprocessing = 0;
			shellPath = /bin/sh;
			shellScript = "diff \"${PODS_ROOT}/../Podfile.lock\" \"${PODS_ROOT}/Manifest.lock\" > /dev/null\nif [[ $? != 0 ]] ; then\n    cat << EOM\nerror: The sandbox is not in sync with the Podfile.lock. Run 'pod install' or update your CocoaPods installation.\nEOM\n    exit 1\nfi\n";
			showEnvVarsInLog = 0;
		};
		C78142016D91ADF9CB1724D9 /* Embed Pods Frameworks */ = {
			isa = PBXShellScriptBuildPhase;
			buildActionMask = 2147483647;
			files = (
			);
			inputPaths = (
			);
			name = "Embed Pods Frameworks";
			outputPaths = (
			);
			runOnlyForDeploymentPostprocessing = 0;
			shellPath = /bin/sh;
			shellScript = "\"${SRCROOT}/Pods/Target Support Files/Pods-Fishy/Pods-Fishy-frameworks.sh\"\n";
			showEnvVarsInLog = 0;
		};
/* End PBXShellScriptBuildPhase section */

/* Begin PBXSourcesBuildPhase section */
		A5353D8A1CE383B50074EC22 /* Sources */ = {
			isa = PBXSourcesBuildPhase;
			buildActionMask = 2147483647;
			files = (
				A5353D921CE383B50074EC22 /* AppDelegate.swift in Sources */,
				A5353DAD1CE38B9D0074EC22 /* HttpClient.swift in Sources */,
				A5353DAA1CE384FF0074EC22 /* FirstViewController.swift in Sources */,
			);
			runOnlyForDeploymentPostprocessing = 0;
		};
/* End PBXSourcesBuildPhase section */

/* Begin PBXVariantGroup section */
		A5353D951CE383B50074EC22 /* Main.storyboard */ = {
			isa = PBXVariantGroup;
			children = (
				A5353D961CE383B50074EC22 /* Base */,
			);
			name = Main.storyboard;
			sourceTree = "<group>";
		};
		A5353D9A1CE383B50074EC22 /* LaunchScreen.storyboard */ = {
			isa = PBXVariantGroup;
			children = (
				A5353D9B1CE383B50074EC22 /* Base */,
			);
			name = LaunchScreen.storyboard;
			sourceTree = "<group>";
		};
/* End PBXVariantGroup section */

/* Begin XCBuildConfiguration section */
		A5353D9E1CE383B50074EC22 /* Debug */ = {
			isa = XCBuildConfiguration;
			buildSettings = {
				ALWAYS_SEARCH_USER_PATHS = NO;
				CLANG_ANALYZER_NONNULL = YES;
				CLANG_CXX_LANGUAGE_STANDARD = "gnu++0x";
				CLANG_CXX_LIBRARY = "libc++";
				CLANG_ENABLE_MODULES = YES;
				CLANG_ENABLE_OBJC_ARC = YES;
				CLANG_WARN_BOOL_CONVERSION = YES;
				CLANG_WARN_CONSTANT_CONVERSION = YES;
				CLANG_WARN_DIRECT_OBJC_ISA_USAGE = YES_ERROR;
				CLANG_WARN_EMPTY_BODY = YES;
				CLANG_WARN_ENUM_CONVERSION = YES;
				CLANG_WARN_INT_CONVERSION = YES;
				CLANG_WARN_OBJC_ROOT_CLASS = YES_ERROR;
				CLANG_WARN_UNREACHABLE_CODE = YES;
				CLANG_WARN__DUPLICATE_METHOD_MATCH = YES;
				"CODE_SIGN_IDENTITY[sdk=iphoneos*]" = "iPhone Developer";
				COPY_PHASE_STRIP = NO;
				DEBUG_INFORMATION_FORMAT = dwarf;
				ENABLE_STRICT_OBJC_MSGSEND = YES;
				ENABLE_TESTABILITY = YES;
				GCC_C_LANGUAGE_STANDARD = gnu99;
				GCC_DYNAMIC_NO_PIC = NO;
				GCC_NO_COMMON_BLOCKS = YES;
				GCC_OPTIMIZATION_LEVEL = 0;
				GCC_PREPROCESSOR_DEFINITIONS = (
					"DEBUG=1",
					"$(inherited)",
				);
				GCC_WARN_64_TO_32_BIT_CONVERSION = YES;
				GCC_WARN_ABOUT_RETURN_TYPE = YES_ERROR;
				GCC_WARN_UNDECLARED_SELECTOR = YES;
				GCC_WARN_UNINITIALIZED_AUTOS = YES_AGGRESSIVE;
				GCC_WARN_UNUSED_FUNCTION = YES;
				GCC_WARN_UNUSED_VARIABLE = YES;
				IPHONEOS_DEPLOYMENT_TARGET = 9.3;
				MTL_ENABLE_DEBUG_INFO = YES;
				ONLY_ACTIVE_ARCH = YES;
				SDKROOT = iphoneos;
				SWIFT_OPTIMIZATION_LEVEL = "-Onone";
				TARGETED_DEVICE_FAMILY = "1,2";
			};
			name = Debug;
		};
		A5353D9F1CE383B50074EC22 /* Release */ = {
			isa = XCBuildConfiguration;
			buildSettings = {
				ALWAYS_SEARCH_USER_PATHS = NO;
				CLANG_ANALYZER_NONNULL = YES;
				CLANG_CXX_LANGUAGE_STANDARD = "gnu++0x";
				CLANG_CXX_LIBRARY = "libc++";
				CLANG_ENABLE_MODULES = YES;
				CLANG_ENABLE_OBJC_ARC = YES;
				CLANG_WARN_BOOL_CONVERSION = YES;
				CLANG_WARN_CONSTANT_CONVERSION = YES;
				CLANG_WARN_DIRECT_OBJC_ISA_USAGE = YES_ERROR;
				CLANG_WARN_EMPTY_BODY = YES;
				CLANG_WARN_ENUM_CONVERSION = YES;
				CLANG_WARN_INT_CONVERSION = YES;
				CLANG_WARN_OBJC_ROOT_CLASS = YES_ERROR;
				CLANG_WARN_UNREACHABLE_CODE = YES;
				CLANG_WARN__DUPLICATE_METHOD_MATCH = YES;
				"CODE_SIGN_IDENTITY[sdk=iphoneos*]" = "iPhone Developer";
				COPY_PHASE_STRIP = NO;
				DEBUG_INFORMATION_FORMAT = "dwarf-with-dsym";
				ENABLE_NS_ASSERTIONS = NO;
				ENABLE_STRICT_OBJC_MSGSEND = YES;
				GCC_C_LANGUAGE_STANDARD = gnu99;
				GCC_NO_COMMON_BLOCKS = YES;
				GCC_WARN_64_TO_32_BIT_CONVERSION = YES;
				GCC_WARN_ABOUT_RETURN_TYPE = YES_ERROR;
				GCC_WARN_UNDECLARED_SELECTOR = YES;
				GCC_WARN_UNINITIALIZED_AUTOS = YES_AGGRESSIVE;
				GCC_WARN_UNUSED_FUNCTION = YES;
				GCC_WARN_UNUSED_VARIABLE = YES;
				IPHONEOS_DEPLOYMENT_TARGET = 9.3;
				MTL_ENABLE_DEBUG_INFO = NO;
				SDKROOT = iphoneos;
				TARGETED_DEVICE_FAMILY = "1,2";
				VALIDATE_PRODUCT = YES;
			};
			name = Release;
		};
		A5353DA11CE383B50074EC22 /* Debug */ = {
			isa = XCBuildConfiguration;
			baseConfigurationReference = 34C15CC4A7117D06E7262121 /* Pods-Fishy.debug.xcconfig */;
			buildSettings = {
				ASSETCATALOG_COMPILER_APPICON_NAME = AppIcon;
				INFOPLIST_FILE = Fishy/Info.plist;
				LD_RUNPATH_SEARCH_PATHS = "$(inherited) @executable_path/Frameworks";
				PRODUCT_BUNDLE_IDENTIFIER = cheetah.Fishy;
				PRODUCT_NAME = "$(TARGET_NAME)";
			};
			name = Debug;
		};
		A5353DA21CE383B50074EC22 /* Release */ = {
			isa = XCBuildConfiguration;
			baseConfigurationReference = BB32D44EC17333BD7019C179 /* Pods-Fishy.release.xcconfig */;
			buildSettings = {
				ASSETCATALOG_COMPILER_APPICON_NAME = AppIcon;
				INFOPLIST_FILE = Fishy/Info.plist;
				LD_RUNPATH_SEARCH_PATHS = "$(inherited) @executable_path/Frameworks";
				PRODUCT_BUNDLE_IDENTIFIER = cheetah.Fishy;
				PRODUCT_NAME = "$(TARGET_NAME)";
			};
			name = Release;
		};
/* End XCBuildConfiguration section */

/* Begin XCConfigurationList section */
		A5353D891CE383B50074EC22 /* Build configuration list for PBXProject "Fishy" */ = {
			isa = XCConfigurationList;
			buildConfigurations = (
				A5353D9E1CE383B50074EC22 /* Debug */,
				A5353D9F1CE383B50074EC22 /* Release */,
			);
			defaultConfigurationIsVisible = 0;
			defaultConfigurationName = Release;
		};
		A5353DA01CE383B50074EC22 /* Build configuration list for PBXNativeTarget "Fishy" */ = {
			isa = XCConfigurationList;
			buildConfigurations = (
				A5353DA11CE383B50074EC22 /* Debug */,
				A5353DA21CE383B50074EC22 /* Release */,
			);
			defaultConfigurationIsVisible = 0;
			defaultConfigurationName = Release;
		};
/* End XCConfigurationList section */
	};
	rootObject = A5353D861CE383B50074EC22 /* Project object */;
}
